// !$*UTF8*$!
{
	archiveVersion = 1;
	classes = {
	};
	objectVersion = 46;
	objects = {

/* Begin PBXBuildFile section */
		7EE02ED31ED66688005AF98A /* main.m in Sources */ = {isa = PBXBuildFile; fileRef = 7EE02ED21ED66688005AF98A /* main.m */; };
		7EE02ED61ED66688005AF98A /* AppDelegate.m in Sources */ = {isa = PBXBuildFile; fileRef = 7EE02ED51ED66688005AF98A /* AppDelegate.m */; };
		7EE02ED91ED66688005AF98A /* ViewController.m in Sources */ = {isa = PBXBuildFile; fileRef = 7EE02ED81ED66688005AF98A /* ViewController.m */; };
		7EE02EDC1ED66688005AF98A /* Main.storyboard in Resources */ = {isa = PBXBuildFile; fileRef = 7EE02EDA1ED66688005AF98A /* Main.storyboard */; };
		7EE02EDE1ED66688005AF98A /* Assets.xcassets in Resources */ = {isa = PBXBuildFile; fileRef = 7EE02EDD1ED66688005AF98A /* Assets.xcassets */; };
		7EE02EE11ED66688005AF98A /* LaunchScreen.storyboard in Resources */ = {isa = PBXBuildFile; fileRef = 7EE02EDF1ED66688005AF98A /* LaunchScreen.storyboard */; };
		7EE02EEC1ED66688005AF98A /* DateDemoTests.m in Sources */ = {isa = PBXBuildFile; fileRef = 7EE02EEB1ED66688005AF98A /* DateDemoTests.m */; };
		7EE02EF71ED66688005AF98A /* DateDemoUITests.m in Sources */ = {isa = PBXBuildFile; fileRef = 7EE02EF61ED66688005AF98A /* DateDemoUITests.m */; };
/* End PBXBuildFile section */

/* Begin PBXContainerItemProxy section */
		7EE02EE81ED66688005AF98A /* PBXContainerItemProxy */ = {
			isa = PBXContainerItemProxy;
			containerPortal = 7EE02EC61ED66688005AF98A /* Project object */;
			proxyType = 1;
			remoteGlobalIDString = 7EE02ECD1ED66688005AF98A;
			remoteInfo = DateDemo;
		};
		7EE02EF31ED66688005AF98A /* PBXContainerItemProxy */ = {
			isa = PBXContainerItemProxy;
			containerPortal = 7EE02EC61ED66688005AF98A /* Project object */;
			proxyType = 1;
			remoteGlobalIDString = 7EE02ECD1ED66688005AF98A;
			remoteInfo = DateDemo;
		};
/* End PBXContainerItemProxy section */

/* Begin PBXFileReference section */
		7EE02ECE1ED66688005AF98A /* DateDemo.app */ = {isa = PBXFileReference; explicitFileType = wrapper.application; includeInIndex = 0; path = DateDemo.app; sourceTree = BUILT_PRODUCTS_DIR; };
		7EE02ED21ED66688005AF98A /* main.m */ = {isa = PBXFileReference; lastKnownFileType = sourcecode.c.objc; path = main.m; sourceTree = "<group>"; };
		7EE02ED41ED66688005AF98A /* AppDelegate.h */ = {isa = PBXFileReference; lastKnownFileType = sourcecode.c.h; path = AppDelegate.h; sourceTree = "<group>"; };
		7EE02ED51ED66688005AF98A /* AppDelegate.m */ = {isa = PBXFileReference; lastKnownFileType = sourcecode.c.objc; path = AppDelegate.m; sourceTree = "<group>"; };
		7EE02ED71ED66688005AF98A /* ViewController.h */ = {isa = PBXFileReference; lastKnownFileType = sourcecode.c.h; path = ViewController.h; sourceTree = "<group>"; };
		7EE02ED81ED66688005AF98A /* ViewController.m */ = {isa = PBXFileReference; lastKnownFileType = sourcecode.c.objc; path = ViewController.m; sourceTree = "<group>"; };
		7EE02EDB1ED66688005AF98A /* Base */ = {isa = PBXFileReference; lastKnownFileType = file.storyboard; name = Base; path = Base.lproj/Main.storyboard; sourceTree = "<group>"; };
		7EE02EDD1ED66688005AF98A /* Assets.xcassets */ = {isa = PBXFileReference; lastKnownFileType = folder.assetcatalog; path = Assets.xcassets; sourceTree = "<group>"; };
		7EE02EE01ED66688005AF98A /* Base */ = {isa = PBXFileReference; lastKnownFileType = file.storyboard; name = Base; path = Base.lproj/LaunchScreen.storyboard; sourceTree = "<group>"; };
		7EE02EE21ED66688005AF98A /* Info.plist */ = {isa = PBXFileReference; lastKnownFileType = text.plist.xml; path = Info.plist; sourceTree = "<group>"; };
		7EE02EE71ED66688005AF98A /* DateDemoTests.xctest */ = {isa = PBXFileReference; explicitFileType = wrapper.cfbundle; includeInIndex = 0; path = DateDemoTests.xctest; sourceTree = BUILT_PRODUCTS_DIR; };
		7EE02EEB1ED66688005AF98A /* DateDemoTests.m */ = {isa = PBXFileReference; lastKnownFileType = sourcecode.c.objc; path = DateDemoTests.m; sourceTree = "<group>"; };
		7EE02EED1ED66688005AF98A /* Info.plist */ = {isa = PBXFileReference; lastKnownFileType = text.plist.xml; path = Info.plist; sourceTree = "<group>"; };
		7EE02EF21ED66688005AF98A /* DateDemoUITests.xctest */ = {isa = PBXFileReference; explicitFileType = wrapper.cfbundle; includeInIndex = 0; path = DateDemoUITests.xctest; sourceTree = BUILT_PRODUCTS_DIR; };
		7EE02EF61ED66688005AF98A /* DateDemoUITests.m */ = {isa = PBXFileReference; lastKnownFileType = sourcecode.c.objc; path = DateDemoUITests.m; sourceTree = "<group>"; };
		7EE02EF81ED66688005AF98A /* Info.plist */ = {isa = PBXFileReference; lastKnownFileType = text.plist.xml; path = Info.plist; sourceTree = "<group>"; };
/* End PBXFileReference section */

/* Begin PBXFrameworksBuildPhase section */
		7EE02ECB1ED66688005AF98A /* Frameworks */ = {
			isa = PBXFrameworksBuildPhase;
			buildActionMask = 2147483647;
			files = (
			);
			runOnlyForDeploymentPostprocessing = 0;
		};
		7EE02EE41ED66688005AF98A /* Frameworks */ = {
			isa = PBXFrameworksBuildPhase;
			buildActionMask = 2147483647;
			files = (
			);
			runOnlyForDeploymentPostprocessing = 0;
		};
		7EE02EEF1ED66688005AF98A /* Frameworks */ = {
			isa = PBXFrameworksBuildPhase;
			buildActionMask = 2147483647;
			files = (
			);
			runOnlyForDeploymentPostprocessing = 0;
		};
/* End PBXFrameworksBuildPhase section */

/* Begin PBXGroup section */
		7EE02EC51ED66688005AF98A = {
			isa = PBXGroup;
			children = (
				7EE02ED01ED66688005AF98A /* DateDemo */,
				7EE02EEA1ED66688005AF98A /* DateDemoTests */,
				7EE02EF51ED66688005AF98A /* DateDemoUITests */,
				7EE02ECF1ED66688005AF98A /* Products */,
			);
			sourceTree = "<group>";
		};
		7EE02ECF1ED66688005AF98A /* Products */ = {
			isa = PBXGroup;
			children = (
				7EE02ECE1ED66688005AF98A /* DateDemo.app */,
				7EE02EE71ED66688005AF98A /* DateDemoTests.xctest */,
				7EE02EF21ED66688005AF98A /* DateDemoUITests.xctest */,
			);
			name = Products;
			sourceTree = "<group>";
		};
		7EE02ED01ED66688005AF98A /* DateDemo */ = {
			isa = PBXGroup;
			children = (
				7EE02ED41ED66688005AF98A /* AppDelegate.h */,
				7EE02ED51ED66688005AF98A /* AppDelegate.m */,
				7EE02ED71ED66688005AF98A /* ViewController.h */,
				7EE02ED81ED66688005AF98A /* ViewController.m */,
				7EE02EDA1ED66688005AF98A /* Main.storyboard */,
				7EE02EDD1ED66688005AF98A /* Assets.xcassets */,
				7EE02EDF1ED66688005AF98A /* LaunchScreen.storyboard */,
				7EE02EE21ED66688005AF98A /* Info.plist */,
				7EE02ED11ED66688005AF98A /* Supporting Files */,
			);
			path = DateDemo;
			sourceTree = "<group>";
		};
		7EE02ED11ED66688005AF98A /* Supporting Files */ = {
			isa = PBXGroup;
			children = (
				7EE02ED21ED66688005AF98A /* main.m */,
			);
			name = "Supporting Files";
			sourceTree = "<group>";
		};
		7EE02EEA1ED66688005AF98A /* DateDemoTests */ = {
			isa = PBXGroup;
			children = (
				7EE02EEB1ED66688005AF98A /* DateDemoTests.m */,
				7EE02EED1ED66688005AF98A /* Info.plist */,
			);
			path = DateDemoTests;
			sourceTree = "<group>";
		};
		7EE02EF51ED66688005AF98A /* DateDemoUITests */ = {
			isa = PBXGroup;
			children = (
				7EE02EF61ED66688005AF98A /* DateDemoUITests.m */,
				7EE02EF81ED66688005AF98A /* Info.plist */,
			);
			path = DateDemoUITests;
			sourceTree = "<group>";
		};
/* End PBXGroup section */

/* Begin PBXNativeTarget section */
		7EE02ECD1ED66688005AF98A /* DateDemo */ = {
			isa = PBXNativeTarget;
			buildConfigurationList = 7EE02EFB1ED66688005AF98A /* Build configuration list for PBXNativeTarget "DateDemo" */;
			buildPhases = (
				7EE02ECA1ED66688005AF98A /* Sources */,
				7EE02ECB1ED66688005AF98A /* Frameworks */,
				7EE02ECC1ED66688005AF98A /* Resources */,
			);
			buildRules = (
			);
			dependencies = (
			);
			name = DateDemo;
			productName = DateDemo;
			productReference = 7EE02ECE1ED66688005AF98A /* DateDemo.app */;
			productType = "com.apple.product-type.application";
		};
		7EE02EE61ED66688005AF98A /* DateDemoTests */ = {
			isa = PBXNativeTarget;
			buildConfigurationList = 7EE02EFE1ED66688005AF98A /* Build configuration list for PBXNativeTarget "DateDemoTests" */;
			buildPhases = (
				7EE02EE31ED66688005AF98A /* Sources */,
				7EE02EE41ED66688005AF98A /* Frameworks */,
				7EE02EE51ED66688005AF98A /* Resources */,
			);
			buildRules = (
			);
			dependencies = (
				7EE02EE91ED66688005AF98A /* PBXTargetDependency */,
			);
			name = DateDemoTests;
			productName = DateDemoTests;
			productReference = 7EE02EE71ED66688005AF98A /* DateDemoTests.xctest */;
			productType = "com.apple.product-type.bundle.unit-test";
		};
		7EE02EF11ED66688005AF98A /* DateDemoUITests */ = {
			isa = PBXNativeTarget;
			buildConfigurationList = 7EE02F011ED66688005AF98A /* Build configuration list for PBXNativeTarget "DateDemoUITests" */;
			buildPhases = (
				7EE02EEE1ED66688005AF98A /* Sources */,
				7EE02EEF1ED66688005AF98A /* Frameworks */,
				7EE02EF01ED66688005AF98A /* Resources */,
			);
			buildRules = (
			);
			dependencies = (
				7EE02EF41ED66688005AF98A /* PBXTargetDependency */,
			);
			name = DateDemoUITests;
			productName = DateDemoUITests;
			productReference = 7EE02EF21ED66688005AF98A /* DateDemoUITests.xctest */;
			productType = "com.apple.product-type.bundle.ui-testing";
		};
/* End PBXNativeTarget section */

/* Begin PBXProject section */
		7EE02EC61ED66688005AF98A /* Project object */ = {
			isa = PBXProject;
			attributes = {
				LastUpgradeCheck = 0730;
				ORGANIZATIONNAME = "hongliang licom.zhangshangjiankang";
				TargetAttributes = {
					7EE02ECD1ED66688005AF98A = {
						CreatedOnToolsVersion = 7.3.1;
					};
					7EE02EE61ED66688005AF98A = {
						CreatedOnToolsVersion = 7.3.1;
						TestTargetID = 7EE02ECD1ED66688005AF98A;
					};
					7EE02EF11ED66688005AF98A = {
						CreatedOnToolsVersion = 7.3.1;
						TestTargetID = 7EE02ECD1ED66688005AF98A;
					};
				};
			};
			buildConfigurationList = 7EE02EC91ED66688005AF98A /* Build configuration list for PBXProject "DateDemo" */;
			compatibilityVersion = "Xcode 3.2";
			developmentRegion = English;
			hasScannedForEncodings = 0;
			knownRegions = (
				en,
				Base,
			);
			mainGroup = 7EE02EC51ED66688005AF98A;
			productRefGroup = 7EE02ECF1ED66688005AF98A /* Products */;
			projectDirPath = "";
			projectRoot = "";
			targets = (
				7EE02ECD1ED66688005AF98A /* DateDemo */,
				7EE02EE61ED66688005AF98A /* DateDemoTests */,
				7EE02EF11ED66688005AF98A /* DateDemoUITests */,
			);
		};
/* End PBXProject section */

/* Begin PBXResourcesBuildPhase section */
		7EE02ECC1ED66688005AF98A /* Resources */ = {
			isa = PBXResourcesBuildPhase;
			buildActionMask = 2147483647;
			files = (
				7EE02EE11ED66688005AF98A /* LaunchScreen.storyboard in Resources */,
				7EE02EDE1ED66688005AF98A /* Assets.xcassets in Resources */,
				7EE02EDC1ED66688005AF98A /* Main.storyboard in Resources */,
			);
			runOnlyForDeploymentPostprocessing = 0;
		};
		7EE02EE51ED66688005AF98A /* Resources */ = {
			isa = PBXResourcesBuildPhase;
			buildActionMask = 2147483647;
			files = (
			);
			runOnlyForDeploymentPostprocessing = 0;
		};
		7EE02EF01ED66688005AF98A /* Resources */ = {
			isa = PBXResourcesBuildPhase;
			buildActionMask = 2147483647;
			files = (
			);
			runOnlyForDeploymentPostprocessing = 0;
		};
/* End PBXResourcesBuildPhase section */

/* Begin PBXSourcesBuildPhase section */
		7EE02ECA1ED66688005AF98A /* Sources */ = {
			isa = PBXSourcesBuildPhase;
			buildActionMask = 2147483647;
			files = (
				7EE02ED91ED66688005AF98A /* ViewController.m in Sources */,
				7EE02ED61ED66688005AF98A /* AppDelegate.m in Sources */,
				7EE02ED31ED66688005AF98A /* main.m in Sources */,
			);
			runOnlyForDeploymentPostprocessing = 0;
		};
		7EE02EE31ED66688005AF98A /* Sources */ = {
			isa = PBXSourcesBuildPhase;
			buildActionMask = 2147483647;
			files = (
				7EE02EEC1ED66688005AF98A /* DateDemoTests.m in Sources */,
			);
			runOnlyForDeploymentPostprocessing = 0;
		};
		7EE02EEE1ED66688005AF98A /* Sources */ = {
			isa = PBXSourcesBuildPhase;
			buildActionMask = 2147483647;
			files = (
				7EE02EF71ED66688005AF98A /* DateDemoUITests.m in Sources */,
			);
			runOnlyForDeploymentPostprocessing = 0;
		};
/* End PBXSourcesBuildPhase section */

/* Begin PBXTargetDependency section */
		7EE02EE91ED66688005AF98A /* PBXTargetDependency */ = {
			isa = PBXTargetDependency;
			target = 7EE02ECD1ED66688005AF98A /* DateDemo */;
			targetProxy = 7EE02EE81ED66688005AF98A /* PBXContainerItemProxy */;
		};
		7EE02EF41ED66688005AF98A /* PBXTargetDependency */ = {
			isa = PBXTargetDependency;
			target = 7EE02ECD1ED66688005AF98A /* DateDemo */;
			targetProxy = 7EE02EF31ED66688005AF98A /* PBXContainerItemProxy */;
		};
/* End PBXTargetDependency section */

/* Begin PBXVariantGroup section */
		7EE02EDA1ED66688005AF98A /* Main.storyboard */ = {
			isa = PBXVariantGroup;
			children = (
				7EE02EDB1ED66688005AF98A /* Base */,
			);
			name = Main.storyboard;
			sourceTree = "<group>";
		};
		7EE02EDF1ED66688005AF98A /* LaunchScreen.storyboard */ = {
			isa = PBXVariantGroup;
			children = (
				7EE02EE01ED66688005AF98A /* Base */,
			);
			name = LaunchScreen.storyboard;
			sourceTree = "<group>";
		};
/* End PBXVariantGroup section */

/* Begin XCBuildConfiguration section */
		7EE02EF91ED66688005AF98A /* Debug */ = {
			isa = XCBuildConfiguration;
			buildSettings = {
				ALWAYS_SEARCH_USER_PATHS = NO;
				CLANG_ANALYZER_NONNULL = YES;
				CLANG_CXX_LANGUAGE_STANDARD = "gnu++0x";
				CLANG_CXX_LIBRARY = "libc++";
				CLANG_ENABLE_MODULES = YES;
				CLANG_ENABLE_OBJC_ARC = YES;
				CLANG_WARN_BOOL_CONVERSION = YES;
				CLANG_WARN_CONSTANT_CONVERSION = YES;
				CLANG_WARN_DIRECT_OBJC_ISA_USAGE = YES_ERROR;
				CLANG_WARN_EMPTY_BODY = YES;
				CLANG_WARN_ENUM_CONVERSION = YES;
				CLANG_WARN_INT_CONVERSION = YES;
				CLANG_WARN_OBJC_ROOT_CLASS = YES_ERROR;
				CLANG_WARN_UNREACHABLE_CODE = YES;
				CLANG_WARN__DUPLICATE_METHOD_MATCH = YES;
				"CODE_SIGN_IDENTITY[sdk=iphoneos*]" = "iPhone Developer";
				COPY_PHASE_STRIP = NO;
				DEBUG_INFORMATION_FORMAT = dwarf;
				ENABLE_STRICT_OBJC_MSGSEND = YES;
				ENABLE_TESTABILITY = YES;
				GCC_C_LANGUAGE_STANDARD = gnu99;
				GCC_DYNAMIC_NO_PIC = NO;
				GCC_NO_COMMON_BLOCKS = YES;
				GCC_OPTIMIZATION_LEVEL = 0;
				GCC_PREPROCESSOR_DEFINITIONS = (
					"DEBUG=1",
					"$(inherited)",
				);
				GCC_WARN_64_TO_32_BIT_CONVERSION = YES;
				GCC_WARN_ABOUT_RETURN_TYPE = YES_ERROR;
				GCC_WARN_UNDECLARED_SELECTOR = YES;
				GCC_WARN_UNINITIALIZED_AUTOS = YES_AGGRESSIVE;
				GCC_WARN_UNUSED_FUNCTION = YES;
				GCC_WARN_UNUSED_VARIABLE = YES;
				IPHONEOS_DEPLOYMENT_TARGET = 9.3;
				MTL_ENABLE_DEBUG_INFO = YES;
				ONLY_ACTIVE_ARCH = YES;
				SDKROOT = iphoneos;
				TARGETED_DEVICE_FAMILY = "1,2";
			};
			name = Debug;
		};
		7EE02EFA1ED66688005AF98A /* Release */ = {
			isa = XCBuildConfiguration;
			buildSettings = {
				ALWAYS_SEARCH_USER_PATHS = NO;
				CLANG_ANALYZER_NONNULL = YES;
				CLANG_CXX_LANGUAGE_STANDARD = "gnu++0x";
				CLANG_CXX_LIBRARY = "libc++";
				CLANG_ENABLE_MODULES = YES;
				CLANG_ENABLE_OBJC_ARC = YES;
				CLANG_WARN_BOOL_CONVERSION = YES;
				CLANG_WARN_CONSTANT_CONVERSION = YES;
				CLANG_WARN_DIRECT_OBJC_ISA_USAGE = YES_ERROR;
				CLANG_WARN_EMPTY_BODY = YES;
				CLANG_WARN_ENUM_CONVERSION = YES;
				CLANG_WARN_INT_CONVERSION = YES;
				CLANG_WARN_OBJC_ROOT_CLASS = YES_ERROR;
				CLANG_WARN_UNREACHABLE_CODE = YES;
				CLANG_WARN__DUPLICATE_METHOD_MATCH = YES;
				"CODE_SIGN_IDENTITY[sdk=iphoneos*]" = "iPhone Developer";
				COPY_PHASE_STRIP = NO;
				DEBUG_INFORMATION_FORMAT = "dwarf-with-dsym";
				ENABLE_NS_ASSERTIONS = NO;
				ENABLE_STRICT_OBJC_MSGSEND = YES;
				GCC_C_LANGUAGE_STANDARD = gnu99;
				GCC_NO_COMMON_BLOCKS = YES;
				GCC_WARN_64_TO_32_BIT_CONVERSION = YES;
				GCC_WARN_ABOUT_RETURN_TYPE = YES_ERROR;
				GCC_WARN_UNDECLARED_SELECTOR = YES;
				GCC_WARN_UNINITIALIZED_AUTOS = YES_AGGRESSIVE;
				GCC_WARN_UNUSED_FUNCTION = YES;
				GCC_WARN_UNUSED_VARIABLE = YES;
				IPHONEOS_DEPLOYMENT_TARGET = 9.3;
				MTL_ENABLE_DEBUG_INFO = NO;
				SDKROOT = iphoneos;
				TARGETED_DEVICE_FAMILY = "1,2";
				VALIDATE_PRODUCT = YES;
			};
			name = Release;
		};
		7EE02EFC1ED66688005AF98A /* Debug */ = {
			isa = XCBuildConfiguration;
			buildSettings = {
				ASSETCATALOG_COMPILER_APPICON_NAME = AppIcon;
				INFOPLIST_FILE = DateDemo/Info.plist;
				LD_RUNPATH_SEARCH_PATHS = "$(inherited) @executable_path/Frameworks";
				PRODUCT_BUNDLE_IDENTIFIER = wanding.DateDemo;
				PRODUCT_NAME = "$(TARGET_NAME)";
			};
			name = Debug;
		};
		7EE02EFD1ED66688005AF98A /* Release */ = {
			isa = XCBuildConfiguration;
			buildSettings = {
				ASSETCATALOG_COMPILER_APPICON_NAME = AppIcon;
				INFOPLIST_FILE = DateDemo/Info.plist;
				LD_RUNPATH_SEARCH_PATHS = "$(inherited) @executable_path/Frameworks";
				PRODUCT_BUNDLE_IDENTIFIER = wanding.DateDemo;
				PRODUCT_NAME = "$(TARGET_NAME)";
			};
			name = Release;
		};
		7EE02EFF1ED66688005AF98A /* Debug */ = {
			isa = XCBuildConfiguration;
			buildSettings = {
				BUNDLE_LOADER = "$(TEST_HOST)";
				INFOPLIST_FILE = DateDemoTests/Info.plist;
				LD_RUNPATH_SEARCH_PATHS = "$(inherited) @executable_path/Frameworks @loader_path/Frameworks";
				PRODUCT_BUNDLE_IDENTIFIER = wanding.DateDemoTests;
				PRODUCT_NAME = "$(TARGET_NAME)";
				TEST_HOST = "$(BUILT_PRODUCTS_DIR)/DateDemo.app/DateDemo";
			};
			name = Debug;
		};
		7EE02F001ED66688005AF98A /* Release */ = {
			isa = XCBuildConfiguration;
			buildSettings = {
				BUNDLE_LOADER = "$(TEST_HOST)";
				INFOPLIST_FILE = DateDemoTests/Info.plist;
				LD_RUNPATH_SEARCH_PATHS = "$(inherited) @executable_path/Frameworks @loader_path/Frameworks";
				PRODUCT_BUNDLE_IDENTIFIER = wanding.DateDemoTests;
				PRODUCT_NAME = "$(TARGET_NAME)";
				TEST_HOST = "$(BUILT_PRODUCTS_DIR)/DateDemo.app/DateDemo";
			};
			name = Release;
		};
		7EE02F021ED66688005AF98A /* Debug */ = {
			isa = XCBuildConfiguration;
			buildSettings = {
				INFOPLIST_FILE = DateDemoUITests/Info.plist;
				LD_RUNPATH_SEARCH_PATHS = "$(inherited) @executable_path/Frameworks @loader_path/Frameworks";
				PRODUCT_BUNDLE_IDENTIFIER = wanding.DateDemoUITests;
				PRODUCT_NAME = "$(TARGET_NAME)";
				TEST_TARGET_NAME = DateDemo;
			};
			name = Debug;
		};
		7EE02F031ED66688005AF98A /* Release */ = {
			isa = XCBuildConfiguration;
			buildSettings = {
				INFOPLIST_FILE = DateDemoUITests/Info.plist;
				LD_RUNPATH_SEARCH_PATHS = "$(inherited) @executable_path/Frameworks @loader_path/Frameworks";
				PRODUCT_BUNDLE_IDENTIFIER = wanding.DateDemoUITests;
				PRODUCT_NAME = "$(TARGET_NAME)";
				TEST_TARGET_NAME = DateDemo;
			};
			name = Release;
		};
/* End XCBuildConfiguration section */

/* Begin XCConfigurationList section */
		7EE02EC91ED66688005AF98A /* Build configuration list for PBXProject "DateDemo" */ = {
			isa = XCConfigurationList;
			buildConfigurations = (
				7EE02EF91ED66688005AF98A /* Debug */,
				7EE02EFA1ED66688005AF98A /* Release */,
			);
			defaultConfigurationIsVisible = 0;
			defaultConfigurationName = Release;
		};
		7EE02EFB1ED66688005AF98A /* Build configuration list for PBXNativeTarget "DateDemo" */ = {
			isa = XCConfigurationList;
			buildConfigurations = (
				7EE02EFC1ED66688005AF98A /* Debug */,
				7EE02EFD1ED66688005AF98A /* Release */,
			);
			defaultConfigurationIsVisible = 0;
		};
		7EE02EFE1ED66688005AF98A /* Build configuration list for PBXNativeTarget "DateDemoTests" */ = {
			isa = XCConfigurationList;
			buildConfigurations = (
				7EE02EFF1ED66688005AF98A /* Debug */,
				7EE02F001ED66688005AF98A /* Release */,
			);
			defaultConfigurationIsVisible = 0;
		};
		7EE02F011ED66688005AF98A /* Build configuration list for PBXNativeTarget "DateDemoUITests" */ = {
			isa = XCConfigurationList;
			buildConfigurations = (
				7EE02F021ED66688005AF98A /* Debug */,
				7EE02F031ED66688005AF98A /* Release */,
			);
			defaultConfigurationIsVisible = 0;
		};
/* End XCConfigurationList section */
	};
	rootObject = 7EE02EC61ED66688005AF98A /* Project object */;
}
